Microsoft Visual Studio Solution File, Format Version 12.00
# Visual Studio Version 17
VisualStudioVersion = 17.5.2.0
MinimumVisualStudioVersion = 10.0.40219.1
Project("{FAE04EC0-301F-11D3-BF4B-00C04F79EFBC}") = "Pratice27-Linq-Join", "Pratice27-Linq-Join.csproj", "{89A0A945-DD72-373D-040C-79ECBE4982EB}"
EndProject
Global
	GlobalSection(SolutionConfigurationPlatforms) = preSolution
		Debug|Any CPU = Debug|Any CPU
		Release|Any CPU = Release|Any CPU
	EndGlobalSection
	GlobalSection(ProjectConfigurationPlatforms) = postSolution
		{89A0A945-DD72-373D-040C-79ECBE4982EB}.Debug|Any CPU.ActiveCfg = Debug|Any CPU
		{89A0A945-DD72-373D-040C-79ECBE4982EB}.Debug|Any CPU.Build.0 = Debug|Any CPU
		{89A0A945-DD72-373D-040C-79ECBE4982EB}.Release|Any CPU.ActiveCfg = Release|Any CPU
		{89A0A945-DD72-373D-040C-79ECBE4982EB}.Release|Any CPU.Build.0 = Release|Any CPU
	EndGlobalSection
	GlobalSection(SolutionProperties) = preSolution
		HideSolutionNode = FALSE
	EndGlobalSection
	GlobalSection(ExtensibilityGlobals) = postSolution
		SolutionGuid = {E2704689-7B91-4751-B069-5744AF78B103}
	EndGlobalSection
EndGlobal
