Microsoft Visual Studio Solution File, Format Version 12.00
# Visual Studio Version 17
VisualStudioVersion = 17.5.2.0
MinimumVisualStudioVersion = 10.0.40219.1
Project("{FAE04EC0-301F-11D3-BF4B-00C04F79EFBC}") = "Pratice-20-ListCoffe", "Pratice-20-ListCoffe.csproj", "{65CE8AEE-F221-E088-A3E4-EAF5ADA0FE0D}"
EndProject
Global
	GlobalSection(SolutionConfigurationPlatforms) = preSolution
		Debug|Any CPU = Debug|Any CPU
		Release|Any CPU = Release|Any CPU
	EndGlobalSection
	GlobalSection(ProjectConfigurationPlatforms) = postSolution
		{65CE8AEE-F221-E088-A3E4-EAF5ADA0FE0D}.Debug|Any CPU.ActiveCfg = Debug|Any CPU
		{65CE8AEE-F221-E088-A3E4-EAF5ADA0FE0D}.Debug|Any CPU.Build.0 = Debug|Any CPU
		{65CE8AEE-F221-E088-A3E4-EAF5ADA0FE0D}.Release|Any CPU.ActiveCfg = Release|Any CPU
		{65CE8AEE-F221-E088-A3E4-EAF5ADA0FE0D}.Release|Any CPU.Build.0 = Release|Any CPU
	EndGlobalSection
	GlobalSection(SolutionProperties) = preSolution
		HideSolutionNode = FALSE
	EndGlobalSection
	GlobalSection(ExtensibilityGlobals) = postSolution
		SolutionGuid = {BB4860E8-6AB1-4399-A199-7EDAD4B6932D}
	EndGlobalSection
EndGlobal
