Microsoft Visual Studio Solution File, Format Version 12.00
# Visual Studio Version 17
VisualStudioVersion = 17.5.2.0
MinimumVisualStudioVersion = 10.0.40219.1
Project("{FAE04EC0-301F-11D3-BF4B-00C04F79EFBC}") = "Pratice24-Patikafy", "Pratice24-Patikafy.csproj", "{962CBAC1-0713-1B42-FD28-54B8DB5DDFEC}"
EndProject
Global
	GlobalSection(SolutionConfigurationPlatforms) = preSolution
		Debug|Any CPU = Debug|Any CPU
		Release|Any CPU = Release|Any CPU
	EndGlobalSection
	GlobalSection(ProjectConfigurationPlatforms) = postSolution
		{962CBAC1-0713-1B42-FD28-54B8DB5DDFEC}.Debug|Any CPU.ActiveCfg = Debug|Any CPU
		{962CBAC1-0713-1B42-FD28-54B8DB5DDFEC}.Debug|Any CPU.Build.0 = Debug|Any CPU
		{962CBAC1-0713-1B42-FD28-54B8DB5DDFEC}.Release|Any CPU.ActiveCfg = Release|Any CPU
		{962CBAC1-0713-1B42-FD28-54B8DB5DDFEC}.Release|Any CPU.Build.0 = Release|Any CPU
	EndGlobalSection
	GlobalSection(SolutionProperties) = preSolution
		HideSolutionNode = FALSE
	EndGlobalSection
	GlobalSection(ExtensibilityGlobals) = postSolution
		SolutionGuid = {98231B85-5DF5-4A22-8F57-8552710BACF9}
	EndGlobalSection
EndGlobal
