
Microsoft Visual Studio Solution File, Format Version 12.00
# Visual Studio Version 17
VisualStudioVersion = 17.5.002.0
MinimumVisualStudioVersion = 10.0.40219.1
Project("{9A19103F-16F7-4668-BE54-9A1E7A4F7556}") = "Pratik10-Class", "Pratik10-Class.csproj", "{10728B97-339B-4388-A081-9DA6C1D1C708}"
EndProject
Global
	GlobalSection(SolutionConfigurationPlatforms) = preSolution
		Debug|Any CPU = Debug|Any CPU
		Release|Any CPU = Release|Any CPU
	EndGlobalSection
	GlobalSection(ProjectConfigurationPlatforms) = postSolution
		{10728B97-339B-4388-A081-9DA6C1D1C708}.Debug|Any CPU.ActiveCfg = Debug|Any CPU
		{10728B97-339B-4388-A081-9DA6C1D1C708}.Debug|Any CPU.Build.0 = Debug|Any CPU
		{10728B97-339B-4388-A081-9DA6C1D1C708}.Release|Any CPU.ActiveCfg = Release|Any CPU
		{10728B97-339B-4388-A081-9DA6C1D1C708}.Release|Any CPU.Build.0 = Release|Any CPU
	EndGlobalSection
	GlobalSection(SolutionProperties) = preSolution
		HideSolutionNode = FALSE
	EndGlobalSection
	GlobalSection(ExtensibilityGlobals) = postSolution
		SolutionGuid = {D33533E1-48BD-4641-B229-061EF8DE3B06}
	EndGlobalSection
EndGlobal
